
Microsoft Visual Studio Solution File, Format Version 12.00
# Visual Studio Version 16
VisualStudioVersion = 16.0.31205.134
MinimumVisualStudioVersion = 10.0.40219.1
Project("{FAE04EC0-301F-11D3-BF4B-00C04F79EFBC}") = "LuckyMining", "LuckyMining.csproj", "{A74D29DE-DD79-418A-9A9D-B0473BC9BFBE}"
EndProject
Global
	GlobalSection(SolutionConfigurationPlatforms) = preSolution
		Debug|Any CPU = Debug|Any CPU
		Release|Any CPU = Release|Any CPU
	EndGlobalSection
	GlobalSection(ProjectConfigurationPlatforms) = postSolution
		{A74D29DE-DD79-418A-9A9D-B0473BC9BFBE}.Debug|Any CPU.ActiveCfg = Debug|Any CPU
		{A74D29DE-DD79-418A-9A9D-B0473BC9BFBE}.Debug|Any CPU.Build.0 = Debug|Any CPU
		{A74D29DE-DD79-418A-9A9D-B0473BC9BFBE}.Release|Any CPU.ActiveCfg = Release|Any CPU
		{A74D29DE-DD79-418A-9A9D-B0473BC9BFBE}.Release|Any CPU.Build.0 = Release|Any CPU
	EndGlobalSection
	GlobalSection(SolutionProperties) = preSolution
		HideSolutionNode = FALSE
	EndGlobalSection
	GlobalSection(ExtensibilityGlobals) = postSolution
		SolutionGuid = {4ED15288-5B13-41F1-94D1-315118B10D3F}
	EndGlobalSection
EndGlobal
